
Microsoft Visual Studio Solution File, Format Version 12.00
# Visual Studio Version 17
VisualStudioVersion = 17.4.33213.308
MinimumVisualStudioVersion = 10.0.40219.1
Project("{FAE04EC0-301F-11D3-BF4B-00C04F79EFBC}") = "Azure-app-Trev", "Azure-app-Trev\Azure-app-Trev.csproj", "{10ADBD02-89D1-4BDC-BF2D-273748D5BBEC}"
EndProject
Global
	GlobalSection(SolutionConfigurationPlatforms) = preSolution
		Debug|Any CPU = Debug|Any CPU
		Release|Any CPU = Release|Any CPU
	EndGlobalSection
	GlobalSection(ProjectConfigurationPlatforms) = postSolution
		{10ADBD02-89D1-4BDC-BF2D-273748D5BBEC}.Debug|Any CPU.ActiveCfg = Debug|Any CPU
		{10ADBD02-89D1-4BDC-BF2D-273748D5BBEC}.Debug|Any CPU.Build.0 = Debug|Any CPU
		{10ADBD02-89D1-4BDC-BF2D-273748D5BBEC}.Release|Any CPU.ActiveCfg = Release|Any CPU
		{10ADBD02-89D1-4BDC-BF2D-273748D5BBEC}.Release|Any CPU.Build.0 = Release|Any CPU
	EndGlobalSection
	GlobalSection(SolutionProperties) = preSolution
		HideSolutionNode = FALSE
	EndGlobalSection
	GlobalSection(ExtensibilityGlobals) = postSolution
		SolutionGuid = {CBFB270B-9415-4D96-BEDA-5F96CDD4959F}
	EndGlobalSection
EndGlobal
