
Microsoft Visual Studio Solution File, Format Version 12.00
# Visual Studio Version 17
VisualStudioVersion = 17.5.002.0
MinimumVisualStudioVersion = 10.0.40219.1
Project("{9A19103F-16F7-4668-BE54-9A1E7A4F7556}") = "Azure-app-Trev", "Azure-app-Trev.csproj", "{605CD423-0C7B-4358-9180-100D3BB370F2}"
EndProject
Global
	GlobalSection(SolutionConfigurationPlatforms) = preSolution
		Debug|Any CPU = Debug|Any CPU
		Release|Any CPU = Release|Any CPU
	EndGlobalSection
	GlobalSection(ProjectConfigurationPlatforms) = postSolution
		{605CD423-0C7B-4358-9180-100D3BB370F2}.Debug|Any CPU.ActiveCfg = Debug|Any CPU
		{605CD423-0C7B-4358-9180-100D3BB370F2}.Debug|Any CPU.Build.0 = Debug|Any CPU
		{605CD423-0C7B-4358-9180-100D3BB370F2}.Release|Any CPU.ActiveCfg = Release|Any CPU
		{605CD423-0C7B-4358-9180-100D3BB370F2}.Release|Any CPU.Build.0 = Release|Any CPU
	EndGlobalSection
	GlobalSection(SolutionProperties) = preSolution
		HideSolutionNode = FALSE
	EndGlobalSection
	GlobalSection(ExtensibilityGlobals) = postSolution
		SolutionGuid = {4192D239-7D98-422E-98FB-5E7B33C8E074}
	EndGlobalSection
EndGlobal
